
Microsoft Visual Studio Solution File, Format Version 12.00
# Visual Studio Version 17
VisualStudioVersion = 17.2.32630.192
MinimumVisualStudioVersion = 10.0.40219.1
Project("{FAE04EC0-301F-11D3-BF4B-00C04F79EFBC}") = "NiceKaffee", "NiceKaffee.csproj", "{8A60B7FC-08DF-4D2C-B297-8AAF279E714F}"
EndProject
Global
	GlobalSection(SolutionConfigurationPlatforms) = preSolution
		Debug|Any CPU = Debug|Any CPU
		Release|Any CPU = Release|Any CPU
	EndGlobalSection
	GlobalSection(ProjectConfigurationPlatforms) = postSolution
		{8A60B7FC-08DF-4D2C-B297-8AAF279E714F}.Debug|Any CPU.ActiveCfg = Debug|Any CPU
		{8A60B7FC-08DF-4D2C-B297-8AAF279E714F}.Debug|Any CPU.Build.0 = Debug|Any CPU
		{8A60B7FC-08DF-4D2C-B297-8AAF279E714F}.Release|Any CPU.ActiveCfg = Release|Any CPU
		{8A60B7FC-08DF-4D2C-B297-8AAF279E714F}.Release|Any CPU.Build.0 = Release|Any CPU
	EndGlobalSection
	GlobalSection(SolutionProperties) = preSolution
		HideSolutionNode = FALSE
	EndGlobalSection
	GlobalSection(ExtensibilityGlobals) = postSolution
		SolutionGuid = {1243D12F-C673-4D38-A9B1-6F147F9D4E47}
	EndGlobalSection
EndGlobal
